
Microsoft Visual Studio Solution File, Format Version 12.00
# Visual Studio Version 16
VisualStudioVersion = 16.0.31424.327
MinimumVisualStudioVersion = 10.0.40219.1
Project("{FAE04EC0-301F-11D3-BF4B-00C04F79EFBC}") = "Sistemalanchonete", "Sistemalanchonete.csproj", "{D1F46A94-887C-4D02-A9BA-A0EDE2D8BCE6}"
EndProject
Global
	GlobalSection(SolutionConfigurationPlatforms) = preSolution
		Debug|Any CPU = Debug|Any CPU
		Release|Any CPU = Release|Any CPU
	EndGlobalSection
	GlobalSection(ProjectConfigurationPlatforms) = postSolution
		{D1F46A94-887C-4D02-A9BA-A0EDE2D8BCE6}.Debug|Any CPU.ActiveCfg = Debug|Any CPU
		{D1F46A94-887C-4D02-A9BA-A0EDE2D8BCE6}.Debug|Any CPU.Build.0 = Debug|Any CPU
		{D1F46A94-887C-4D02-A9BA-A0EDE2D8BCE6}.Release|Any CPU.ActiveCfg = Release|Any CPU
		{D1F46A94-887C-4D02-A9BA-A0EDE2D8BCE6}.Release|Any CPU.Build.0 = Release|Any CPU
	EndGlobalSection
	GlobalSection(SolutionProperties) = preSolution
		HideSolutionNode = FALSE
	EndGlobalSection
	GlobalSection(ExtensibilityGlobals) = postSolution
		SolutionGuid = {1C37F49D-21C5-4587-B443-F90DEF24ED2B}
	EndGlobalSection
EndGlobal
